// !$*UTF8*$!
{
	archiveVersion = 1;
	classes = {
	};
	objectVersion = 46;
	objects = {

/* Begin PBXBuildFile section */
		F4593DBC1D1B0503002F4BFD /* AppDelegate.swift in Sources */ = {isa = PBXBuildFile; fileRef = F4593DBB1D1B0503002F4BFD /* AppDelegate.swift */; };
		F4593DBE1D1B0503002F4BFD /* ViewController.swift in Sources */ = {isa = PBXBuildFile; fileRef = F4593DBD1D1B0503002F4BFD /* ViewController.swift */; };
		F4593DC11D1B0503002F4BFD /* Main.storyboard in Resources */ = {isa = PBXBuildFile; fileRef = F4593DBF1D1B0503002F4BFD /* Main.storyboard */; };
		F4593DC31D1B0503002F4BFD /* Assets.xcassets in Resources */ = {isa = PBXBuildFile; fileRef = F4593DC21D1B0503002F4BFD /* Assets.xcassets */; };
		F4593DC61D1B0503002F4BFD /* LaunchScreen.storyboard in Resources */ = {isa = PBXBuildFile; fileRef = F4593DC41D1B0503002F4BFD /* LaunchScreen.storyboard */; };
/* End PBXBuildFile section */

/* Begin PBXFileReference section */
		F4593DB81D1B0502002F4BFD /* MyCalc.app */ = {isa = PBXFileReference; explicitFileType = wrapper.application; includeInIndex = 0; path = MyCalc.app; sourceTree = BUILT_PRODUCTS_DIR; };
		F4593DBB1D1B0503002F4BFD /* AppDelegate.swift */ = {isa = PBXFileReference; lastKnownFileType = sourcecode.swift; path = AppDelegate.swift; sourceTree = "<group>"; };
		F4593DBD1D1B0503002F4BFD /* ViewController.swift */ = {isa = PBXFileReference; lastKnownFileType = sourcecode.swift; path = ViewController.swift; sourceTree = "<group>"; };
		F4593DC01D1B0503002F4BFD /* Base */ = {isa = PBXFileReference; lastKnownFileType = file.storyboard; name = Base; path = Base.lproj/Main.storyboard; sourceTree = "<group>"; };
		F4593DC21D1B0503002F4BFD /* Assets.xcassets */ = {isa = PBXFileReference; lastKnownFileType = folder.assetcatalog; path = Assets.xcassets; sourceTree = "<group>"; };
		F4593DC51D1B0503002F4BFD /* Base */ = {isa = PBXFileReference; lastKnownFileType = file.storyboard; name = Base; path = Base.lproj/LaunchScreen.storyboard; sourceTree = "<group>"; };
		F4593DC71D1B0503002F4BFD /* Info.plist */ = {isa = PBXFileReference; lastKnownFileType = text.plist.xml; path = Info.plist; sourceTree = "<group>"; };
/* End PBXFileReference section */

/* Begin PBXFrameworksBuildPhase section */
		F4593DB51D1B0502002F4BFD /* Frameworks */ = {
			isa = PBXFrameworksBuildPhase;
			buildActionMask = 2147483647;
			files = (
			);
			runOnlyForDeploymentPostprocessing = 0;
		};
/* End PBXFrameworksBuildPhase section */

/* Begin PBXGroup section */
		F4593DAF1D1B0502002F4BFD = {
			isa = PBXGroup;
			children = (
				F4593DBA1D1B0503002F4BFD /* MyCalc */,
				F4593DB91D1B0502002F4BFD /* Products */,
			);
			sourceTree = "<group>";
		};
		F4593DB91D1B0502002F4BFD /* Products */ = {
			isa = PBXGroup;
			children = (
				F4593DB81D1B0502002F4BFD /* MyCalc.app */,
			);
			name = Products;
			sourceTree = "<group>";
		};
		F4593DBA1D1B0503002F4BFD /* MyCalc */ = {
			isa = PBXGroup;
			children = (
				F4593DBB1D1B0503002F4BFD /* AppDelegate.swift */,
				F4593DBD1D1B0503002F4BFD /* ViewController.swift */,
				F4593DBF1D1B0503002F4BFD /* Main.storyboard */,
				F4593DC21D1B0503002F4BFD /* Assets.xcassets */,
				F4593DC41D1B0503002F4BFD /* LaunchScreen.storyboard */,
				F4593DC71D1B0503002F4BFD /* Info.plist */,
			);
			path = MyCalc;
			sourceTree = "<group>";
		};
/* End PBXGroup section */

/* Begin PBXNativeTarget section */
		F4593DB71D1B0502002F4BFD /* MyCalc */ = {
			isa = PBXNativeTarget;
			buildConfigurationList = F4593DCA1D1B0503002F4BFD /* Build configuration list for PBXNativeTarget "MyCalc" */;
			buildPhases = (
				F4593DB41D1B0502002F4BFD /* Sources */,
				F4593DB51D1B0502002F4BFD /* Frameworks */,
				F4593DB61D1B0502002F4BFD /* Resources */,
			);
			buildRules = (
			);
			dependencies = (
			);
			name = MyCalc;
			productName = MyCalc;
			productReference = F4593DB81D1B0502002F4BFD /* MyCalc.app */;
			productType = "com.apple.product-type.application";
		};
/* End PBXNativeTarget section */

/* Begin PBXProject section */
		F4593DB01D1B0502002F4BFD /* Project object */ = {
			isa = PBXProject;
			attributes = {
				LastSwiftUpdateCheck = 0730;
				LastUpgradeCheck = 0730;
				ORGANIZATIONNAME = GetsMoneyIndustries;
				TargetAttributes = {
					F4593DB71D1B0502002F4BFD = {
						CreatedOnToolsVersion = 7.3.1;
					};
				};
			};
			buildConfigurationList = F4593DB31D1B0502002F4BFD /* Build configuration list for PBXProject "MyCalc" */;
			compatibilityVersion = "Xcode 3.2";
			developmentRegion = English;
			hasScannedForEncodings = 0;
			knownRegions = (
				en,
				Base,
			);
			mainGroup = F4593DAF1D1B0502002F4BFD;
			productRefGroup = F4593DB91D1B0502002F4BFD /* Products */;
			projectDirPath = "";
			projectRoot = "";
			targets = (
				F4593DB71D1B0502002F4BFD /* MyCalc */,
			);
		};
/* End PBXProject section */

/* Begin PBXResourcesBuildPhase section */
		F4593DB61D1B0502002F4BFD /* Resources */ = {
			isa = PBXResourcesBuildPhase;
			buildActionMask = 2147483647;
			files = (
				F4593DC61D1B0503002F4BFD /* LaunchScreen.storyboard in Resources */,
				F4593DC31D1B0503002F4BFD /* Assets.xcassets in Resources */,
				F4593DC11D1B0503002F4BFD /* Main.storyboard in Resources */,
			);
			runOnlyForDeploymentPostprocessing = 0;
		};
/* End PBXResourcesBuildPhase section */

/* Begin PBXSourcesBuildPhase section */
		F4593DB41D1B0502002F4BFD /* Sources */ = {
			isa = PBXSourcesBuildPhase;
			buildActionMask = 2147483647;
			files = (
				F4593DBE1D1B0503002F4BFD /* ViewController.swift in Sources */,
				F4593DBC1D1B0503002F4BFD /* AppDelegate.swift in Sources */,
			);
			runOnlyForDeploymentPostprocessing = 0;
		};
/* End PBXSourcesBuildPhase section */

/* Begin PBXVariantGroup section */
		F4593DBF1D1B0503002F4BFD /* Main.storyboard */ = {
			isa = PBXVariantGroup;
			children = (
				F4593DC01D1B0503002F4BFD /* Base */,
			);
			name = Main.storyboard;
			sourceTree = "<group>";
		};
		F4593DC41D1B0503002F4BFD /* LaunchScreen.storyboard */ = {
			isa = PBXVariantGroup;
			children = (
				F4593DC51D1B0503002F4BFD /* Base */,
			);
			name = LaunchScreen.storyboard;
			sourceTree = "<group>";
		};
/* End PBXVariantGroup section */

/* Begin XCBuildConfiguration section */
		F4593DC81D1B0503002F4BFD /* Debug */ = {
			isa = XCBuildConfiguration;
			buildSettings = {
				ALWAYS_SEARCH_USER_PATHS = NO;
				CLANG_ANALYZER_NONNULL = YES;
				CLANG_CXX_LANGUAGE_STANDARD = "gnu++0x";
				CLANG_CXX_LIBRARY = "libc++";
				CLANG_ENABLE_MODULES = YES;
				CLANG_ENABLE_OBJC_ARC = YES;
				CLANG_WARN_BOOL_CONVERSION = YES;
				CLANG_WARN_CONSTANT_CONVERSION = YES;
				CLANG_WARN_DIRECT_OBJC_ISA_USAGE = YES_ERROR;
				CLANG_WARN_EMPTY_BODY = YES;
				CLANG_WARN_ENUM_CONVERSION = YES;
				CLANG_WARN_INT_CONVERSION = YES;
				CLANG_WARN_OBJC_ROOT_CLASS = YES_ERROR;
				CLANG_WARN_UNREACHABLE_CODE = YES;
				CLANG_WARN__DUPLICATE_METHOD_MATCH = YES;
				"CODE_SIGN_IDENTITY[sdk=iphoneos*]" = "iPhone Developer";
				COPY_PHASE_STRIP = NO;
				DEBUG_INFORMATION_FORMAT = dwarf;
				ENABLE_STRICT_OBJC_MSGSEND = YES;
				ENABLE_TESTABILITY = YES;
				GCC_C_LANGUAGE_STANDARD = gnu99;
				GCC_DYNAMIC_NO_PIC = NO;
				GCC_NO_COMMON_BLOCKS = YES;
				GCC_OPTIMIZATION_LEVEL = 0;
				GCC_PREPROCESSOR_DEFINITIONS = (
					"DEBUG=1",
					"$(inherited)",
				);
				GCC_WARN_64_TO_32_BIT_CONVERSION = YES;
				GCC_WARN_ABOUT_RETURN_TYPE = YES_ERROR;
				GCC_WARN_UNDECLARED_SELECTOR = YES;
				GCC_WARN_UNINITIALIZED_AUTOS = YES_AGGRESSIVE;
				GCC_WARN_UNUSED_FUNCTION = YES;
				GCC_WARN_UNUSED_VARIABLE = YES;
				IPHONEOS_DEPLOYMENT_TARGET = 9.3;
				MTL_ENABLE_DEBUG_INFO = YES;
				ONLY_ACTIVE_ARCH = YES;
				SDKROOT = iphoneos;
				SWIFT_OPTIMIZATION_LEVEL = "-Onone";
			};
			name = Debug;
		};
		F4593DC91D1B0503002F4BFD /* Release */ = {
			isa = XCBuildConfiguration;
			buildSettings = {
				ALWAYS_SEARCH_USER_PATHS = NO;
				CLANG_ANALYZER_NONNULL = YES;
				CLANG_CXX_LANGUAGE_STANDARD = "gnu++0x";
				CLANG_CXX_LIBRARY = "libc++";
				CLANG_ENABLE_MODULES = YES;
				CLANG_ENABLE_OBJC_ARC = YES;
				CLANG_WARN_BOOL_CONVERSION = YES;
				CLANG_WARN_CONSTANT_CONVERSION = YES;
				CLANG_WARN_DIRECT_OBJC_ISA_USAGE = YES_ERROR;
				CLANG_WARN_EMPTY_BODY = YES;
				CLANG_WARN_ENUM_CONVERSION = YES;
				CLANG_WARN_INT_CONVERSION = YES;
				CLANG_WARN_OBJC_ROOT_CLASS = YES_ERROR;
				CLANG_WARN_UNREACHABLE_CODE = YES;
				CLANG_WARN__DUPLICATE_METHOD_MATCH = YES;
				"CODE_SIGN_IDENTITY[sdk=iphoneos*]" = "iPhone Developer";
				COPY_PHASE_STRIP = NO;
				DEBUG_INFORMATION_FORMAT = "dwarf-with-dsym";
				ENABLE_NS_ASSERTIONS = NO;
				ENABLE_STRICT_OBJC_MSGSEND = YES;
				GCC_C_LANGUAGE_STANDARD = gnu99;
				GCC_NO_COMMON_BLOCKS = YES;
				GCC_WARN_64_TO_32_BIT_CONVERSION = YES;
				GCC_WARN_ABOUT_RETURN_TYPE = YES_ERROR;
				GCC_WARN_UNDECLARED_SELECTOR = YES;
				GCC_WARN_UNINITIALIZED_AUTOS = YES_AGGRESSIVE;
				GCC_WARN_UNUSED_FUNCTION = YES;
				GCC_WARN_UNUSED_VARIABLE = YES;
				IPHONEOS_DEPLOYMENT_TARGET = 9.3;
				MTL_ENABLE_DEBUG_INFO = NO;
				SDKROOT = iphoneos;
				VALIDATE_PRODUCT = YES;
			};
			name = Release;
		};
		F4593DCB1D1B0503002F4BFD /* Debug */ = {
			isa = XCBuildConfiguration;
			buildSettings = {
				ASSETCATALOG_COMPILER_APPICON_NAME = AppIcon;
				INFOPLIST_FILE = MyCalc/Info.plist;
				LD_RUNPATH_SEARCH_PATHS = "$(inherited) @executable_path/Frameworks";
				PRODUCT_BUNDLE_IDENTIFIER = com.makeschool.MyCalc;
				PRODUCT_NAME = "$(TARGET_NAME)";
			};
			name = Debug;
		};
		F4593DCC1D1B0503002F4BFD /* Release */ = {
			isa = XCBuildConfiguration;
			buildSettings = {
				ASSETCATALOG_COMPILER_APPICON_NAME = AppIcon;
				INFOPLIST_FILE = MyCalc/Info.plist;
				LD_RUNPATH_SEARCH_PATHS = "$(inherited) @executable_path/Frameworks";
				PRODUCT_BUNDLE_IDENTIFIER = com.makeschool.MyCalc;
				PRODUCT_NAME = "$(TARGET_NAME)";
			};
			name = Release;
		};
/* End XCBuildConfiguration section */

/* Begin XCConfigurationList section */
		F4593DB31D1B0502002F4BFD /* Build configuration list for PBXProject "MyCalc" */ = {
			isa = XCConfigurationList;
			buildConfigurations = (
				F4593DC81D1B0503002F4BFD /* Debug */,
				F4593DC91D1B0503002F4BFD /* Release */,
			);
			defaultConfigurationIsVisible = 0;
			defaultConfigurationName = Release;
		};
		F4593DCA1D1B0503002F4BFD /* Build configuration list for PBXNativeTarget "MyCalc" */ = {
			isa = XCConfigurationList;
			buildConfigurations = (
				F4593DCB1D1B0503002F4BFD /* Debug */,
				F4593DCC1D1B0503002F4BFD /* Release */,
			);
			defaultConfigurationIsVisible = 0;
		};
/* End XCConfigurationList section */
	};
	rootObject = F4593DB01D1B0502002F4BFD /* Project object */;
}
